
Microsoft Visual Studio Solution File, Format Version 12.00
# Visual Studio Version 17
VisualStudioVersion = 17.4.33213.308
MinimumVisualStudioVersion = 10.0.40219.1
Project("{9A19103F-16F7-4668-BE54-9A1E7A4F7556}") = "Social-v2.Clothes.Api", "Social-v2.Clothes.Api\Social-v2.Clothes.Api.csproj", "{20BFF6D4-CF8C-4630-9BA3-3D004C1D6D11}"
EndProject
Project("{2150E333-8FDC-42A3-9474-1A3956D46DE8}") = "Services", "Services", "{01F4A3F8-5096-4393-B660-7C1CD06C00C9}"
EndProject
Project("{FAE04EC0-301F-11D3-BF4B-00C04F79EFBC}") = "Social-v2.Clothes.Inventory.Api", "Social-v2.Clothes.Inventory.Api\Social-v2.Clothes.Inventory.Api.csproj", "{267761FC-CC09-44A7-B3FC-C6F0AE479975}"
EndProject
Project("{FAE04EC0-301F-11D3-BF4B-00C04F79EFBC}") = "Social-v2.Clothes.User.Api", "Social-v2.Clothes.User.Api\Social-v2.Clothes.User.Api.csproj", "{68D96B5E-F874-4B32-8267-C7B1B40F877E}"
EndProject
Global
	GlobalSection(SolutionConfigurationPlatforms) = preSolution
		Debug|Any CPU = Debug|Any CPU
		Release|Any CPU = Release|Any CPU
	EndGlobalSection
	GlobalSection(ProjectConfigurationPlatforms) = postSolution
		{20BFF6D4-CF8C-4630-9BA3-3D004C1D6D11}.Debug|Any CPU.ActiveCfg = Debug|Any CPU
		{20BFF6D4-CF8C-4630-9BA3-3D004C1D6D11}.Debug|Any CPU.Build.0 = Debug|Any CPU
		{20BFF6D4-CF8C-4630-9BA3-3D004C1D6D11}.Release|Any CPU.ActiveCfg = Release|Any CPU
		{20BFF6D4-CF8C-4630-9BA3-3D004C1D6D11}.Release|Any CPU.Build.0 = Release|Any CPU
		{267761FC-CC09-44A7-B3FC-C6F0AE479975}.Debug|Any CPU.ActiveCfg = Debug|Any CPU
		{267761FC-CC09-44A7-B3FC-C6F0AE479975}.Debug|Any CPU.Build.0 = Debug|Any CPU
		{267761FC-CC09-44A7-B3FC-C6F0AE479975}.Release|Any CPU.ActiveCfg = Release|Any CPU
		{267761FC-CC09-44A7-B3FC-C6F0AE479975}.Release|Any CPU.Build.0 = Release|Any CPU
		{68D96B5E-F874-4B32-8267-C7B1B40F877E}.Debug|Any CPU.ActiveCfg = Debug|Any CPU
		{68D96B5E-F874-4B32-8267-C7B1B40F877E}.Debug|Any CPU.Build.0 = Debug|Any CPU
		{68D96B5E-F874-4B32-8267-C7B1B40F877E}.Release|Any CPU.ActiveCfg = Release|Any CPU
		{68D96B5E-F874-4B32-8267-C7B1B40F877E}.Release|Any CPU.Build.0 = Release|Any CPU
	EndGlobalSection
	GlobalSection(SolutionProperties) = preSolution
		HideSolutionNode = FALSE
	EndGlobalSection
	GlobalSection(NestedProjects) = preSolution
		{267761FC-CC09-44A7-B3FC-C6F0AE479975} = {01F4A3F8-5096-4393-B660-7C1CD06C00C9}
		{68D96B5E-F874-4B32-8267-C7B1B40F877E} = {01F4A3F8-5096-4393-B660-7C1CD06C00C9}
	EndGlobalSection
	GlobalSection(ExtensibilityGlobals) = postSolution
		SolutionGuid = {51B6B32F-5378-4CAF-AA5D-41043029C035}
	EndGlobalSection
EndGlobal
