
Microsoft Visual Studio Solution File, Format Version 12.00
# Visual Studio Version 17
VisualStudioVersion = 17.4.33213.308
MinimumVisualStudioVersion = 10.0.40219.1
Project("{9A19103F-16F7-4668-BE54-9A1E7A4F7556}") = "Social-v2.Clothes.Api", "Social-v2.Clothes.Api\Social-v2.Clothes.Api.csproj", "{20BFF6D4-CF8C-4630-9BA3-3D004C1D6D11}"
EndProject
Project("{2150E333-8FDC-42A3-9474-1A3956D46DE8}") = "Services", "Services", "{E0769CA6-C740-4CF0-888E-99DCCB0C2FA0}"
EndProject
Project("{2150E333-8FDC-42A3-9474-1A3956D46DE8}") = "Gateways", "Gateways", "{74813029-FCF6-4ACE-BBA1-9F3AAF5834D8}"
EndProject
Project("{9A19103F-16F7-4668-BE54-9A1E7A4F7556}") = "Clothes.ProductManagement.Api", "Services\Clothes.ProductManagement.Api\Clothes.ProductManagement.Api.csproj", "{6D8A2A5F-CAC5-439A-B0FB-5DF75704C826}"
EndProject
Project("{9A19103F-16F7-4668-BE54-9A1E7A4F7556}") = "Clothes.Commons", "Clothes.Commons\Clothes.Commons.csproj", "{8B90FBE7-23CD-44F2-8331-B6BD1AF95F7F}"
EndProject
Project("{9A19103F-16F7-4668-BE54-9A1E7A4F7556}") = "Clothes.User.Api", "Services\Clothes.User.Api\Clothes.User.Api.csproj", "{5798ED82-D4F0-485A-AB7E-13576BD2E919}"
EndProject
Project("{FAE04EC0-301F-11D3-BF4B-00C04F79EFBC}") = "Clothes.Identity.Api", "Services\Clothes.Identity.Api\Clothes.Identity.Api.csproj", "{D8FA81B6-F30B-4609-8DB9-38016B97D0C1}"
EndProject
Global
	GlobalSection(SolutionConfigurationPlatforms) = preSolution
		Debug|Any CPU = Debug|Any CPU
		Release|Any CPU = Release|Any CPU
	EndGlobalSection
	GlobalSection(ProjectConfigurationPlatforms) = postSolution
		{20BFF6D4-CF8C-4630-9BA3-3D004C1D6D11}.Debug|Any CPU.ActiveCfg = Debug|Any CPU
		{20BFF6D4-CF8C-4630-9BA3-3D004C1D6D11}.Debug|Any CPU.Build.0 = Debug|Any CPU
		{20BFF6D4-CF8C-4630-9BA3-3D004C1D6D11}.Release|Any CPU.ActiveCfg = Release|Any CPU
		{20BFF6D4-CF8C-4630-9BA3-3D004C1D6D11}.Release|Any CPU.Build.0 = Release|Any CPU
		{6D8A2A5F-CAC5-439A-B0FB-5DF75704C826}.Debug|Any CPU.ActiveCfg = Debug|Any CPU
		{6D8A2A5F-CAC5-439A-B0FB-5DF75704C826}.Debug|Any CPU.Build.0 = Debug|Any CPU
		{6D8A2A5F-CAC5-439A-B0FB-5DF75704C826}.Release|Any CPU.ActiveCfg = Release|Any CPU
		{6D8A2A5F-CAC5-439A-B0FB-5DF75704C826}.Release|Any CPU.Build.0 = Release|Any CPU
		{8B90FBE7-23CD-44F2-8331-B6BD1AF95F7F}.Debug|Any CPU.ActiveCfg = Debug|Any CPU
		{8B90FBE7-23CD-44F2-8331-B6BD1AF95F7F}.Debug|Any CPU.Build.0 = Debug|Any CPU
		{8B90FBE7-23CD-44F2-8331-B6BD1AF95F7F}.Release|Any CPU.ActiveCfg = Release|Any CPU
		{8B90FBE7-23CD-44F2-8331-B6BD1AF95F7F}.Release|Any CPU.Build.0 = Release|Any CPU
		{5798ED82-D4F0-485A-AB7E-13576BD2E919}.Debug|Any CPU.ActiveCfg = Debug|Any CPU
		{5798ED82-D4F0-485A-AB7E-13576BD2E919}.Debug|Any CPU.Build.0 = Debug|Any CPU
		{5798ED82-D4F0-485A-AB7E-13576BD2E919}.Release|Any CPU.ActiveCfg = Release|Any CPU
		{5798ED82-D4F0-485A-AB7E-13576BD2E919}.Release|Any CPU.Build.0 = Release|Any CPU
		{D8FA81B6-F30B-4609-8DB9-38016B97D0C1}.Debug|Any CPU.ActiveCfg = Debug|Any CPU
		{D8FA81B6-F30B-4609-8DB9-38016B97D0C1}.Debug|Any CPU.Build.0 = Debug|Any CPU
		{D8FA81B6-F30B-4609-8DB9-38016B97D0C1}.Release|Any CPU.ActiveCfg = Release|Any CPU
		{D8FA81B6-F30B-4609-8DB9-38016B97D0C1}.Release|Any CPU.Build.0 = Release|Any CPU
	EndGlobalSection
	GlobalSection(SolutionProperties) = preSolution
		HideSolutionNode = FALSE
	EndGlobalSection
	GlobalSection(NestedProjects) = preSolution
		{6D8A2A5F-CAC5-439A-B0FB-5DF75704C826} = {E0769CA6-C740-4CF0-888E-99DCCB0C2FA0}
		{5798ED82-D4F0-485A-AB7E-13576BD2E919} = {E0769CA6-C740-4CF0-888E-99DCCB0C2FA0}
		{D8FA81B6-F30B-4609-8DB9-38016B97D0C1} = {E0769CA6-C740-4CF0-888E-99DCCB0C2FA0}
	EndGlobalSection
	GlobalSection(ExtensibilityGlobals) = postSolution
		SolutionGuid = {51B6B32F-5378-4CAF-AA5D-41043029C035}
	EndGlobalSection
EndGlobal
